
Microsoft Visual Studio Solution File, Format Version 12.00
# Visual Studio 2013
Project("{FAE04EC0-301F-11D3-BF4B-00C04F79EFBC}") = "WorldOfMarble.CSharp.Plugins", "WorldOfMarble.CSharp.Plugins.csproj", "{E3EBDE22-832D-8679-BA00-CDDAB77EEF41}"
EndProject
Project("{FAE04EC0-301F-11D3-BF4B-00C04F79EFBC}") = "WorldOfMarble.CSharp", "WorldOfMarble.CSharp.csproj", "{C7B3BC83-BB64-7ACC-16D7-6F35CA96D11E}"
EndProject
Project("{FAE04EC0-301F-11D3-BF4B-00C04F79EFBC}") = "WorldOfMarble.CSharp.Editor", "WorldOfMarble.CSharp.Editor.csproj", "{51294BDB-C005-B99A-98FB-5329BF705959}"
EndProject
Global
	GlobalSection(SolutionConfigurationPlatforms) = preSolution
		Debug|Any CPU = Debug|Any CPU
		Release|Any CPU = Release|Any CPU
	EndGlobalSection
	GlobalSection(ProjectConfigurationPlatforms) = postSolution
		{E3EBDE22-832D-8679-BA00-CDDAB77EEF41}.Debug|Any CPU.ActiveCfg = Debug|Any CPU
		{E3EBDE22-832D-8679-BA00-CDDAB77EEF41}.Debug|Any CPU.Build.0 = Debug|Any CPU
		{E3EBDE22-832D-8679-BA00-CDDAB77EEF41}.Release|Any CPU.ActiveCfg = Release|Any CPU
		{E3EBDE22-832D-8679-BA00-CDDAB77EEF41}.Release|Any CPU.Build.0 = Release|Any CPU
		{C7B3BC83-BB64-7ACC-16D7-6F35CA96D11E}.Debug|Any CPU.ActiveCfg = Debug|Any CPU
		{C7B3BC83-BB64-7ACC-16D7-6F35CA96D11E}.Debug|Any CPU.Build.0 = Debug|Any CPU
		{C7B3BC83-BB64-7ACC-16D7-6F35CA96D11E}.Release|Any CPU.ActiveCfg = Release|Any CPU
		{C7B3BC83-BB64-7ACC-16D7-6F35CA96D11E}.Release|Any CPU.Build.0 = Release|Any CPU
		{51294BDB-C005-B99A-98FB-5329BF705959}.Debug|Any CPU.ActiveCfg = Debug|Any CPU
		{51294BDB-C005-B99A-98FB-5329BF705959}.Debug|Any CPU.Build.0 = Debug|Any CPU
		{51294BDB-C005-B99A-98FB-5329BF705959}.Release|Any CPU.ActiveCfg = Release|Any CPU
		{51294BDB-C005-B99A-98FB-5329BF705959}.Release|Any CPU.Build.0 = Release|Any CPU
	EndGlobalSection
	GlobalSection(SolutionProperties) = preSolution
		HideSolutionNode = FALSE
	EndGlobalSection
EndGlobal
